
Microsoft Visual Studio Solution File, Format Version 12.00
# Visual Studio Version 16
VisualStudioVersion = 16.0.31129.286
MinimumVisualStudioVersion = 10.0.40219.1
Project("{FAE04EC0-301F-11D3-BF4B-00C04F79EFBC}") = "SocietyManager", "SocietyManager.csproj", "{3878036E-4B66-48BC-A9C3-E6936E9A54FE}"
EndProject
Global
	GlobalSection(SolutionConfigurationPlatforms) = preSolution
		Debug|Any CPU = Debug|Any CPU
		Release|Any CPU = Release|Any CPU
	EndGlobalSection
	GlobalSection(ProjectConfigurationPlatforms) = postSolution
		{3878036E-4B66-48BC-A9C3-E6936E9A54FE}.Debug|Any CPU.ActiveCfg = Debug|Any CPU
		{3878036E-4B66-48BC-A9C3-E6936E9A54FE}.Debug|Any CPU.Build.0 = Debug|Any CPU
		{3878036E-4B66-48BC-A9C3-E6936E9A54FE}.Release|Any CPU.ActiveCfg = Release|Any CPU
		{3878036E-4B66-48BC-A9C3-E6936E9A54FE}.Release|Any CPU.Build.0 = Release|Any CPU
	EndGlobalSection
	GlobalSection(SolutionProperties) = preSolution
		HideSolutionNode = FALSE
	EndGlobalSection
	GlobalSection(ExtensibilityGlobals) = postSolution
		SolutionGuid = {B0AD8C27-CCE8-4BB2-99EF-0904CE3D4624}
	EndGlobalSection
EndGlobal
